// !$*UTF8*$!
{
	archiveVersion = 1;
	classes = {
	};
	objectVersion = 46;
	objects = {

/* Begin PBXBuildFile section */
		6E54E3901E12C79100BFB192 /* main.m in Sources */ = {isa = PBXBuildFile; fileRef = 6E54E38F1E12C79100BFB192 /* main.m */; };
		6E54E3931E12C79100BFB192 /* AppDelegate.m in Sources */ = {isa = PBXBuildFile; fileRef = 6E54E3921E12C79100BFB192 /* AppDelegate.m */; };
		6E54E3961E12C79100BFB192 /* ViewController.m in Sources */ = {isa = PBXBuildFile; fileRef = 6E54E3951E12C79100BFB192 /* ViewController.m */; };
		6E54E3991E12C79100BFB192 /* Main.storyboard in Resources */ = {isa = PBXBuildFile; fileRef = 6E54E3971E12C79100BFB192 /* Main.storyboard */; };
		6E54E39B1E12C79100BFB192 /* Assets.xcassets in Resources */ = {isa = PBXBuildFile; fileRef = 6E54E39A1E12C79100BFB192 /* Assets.xcassets */; };
		6E54E39E1E12C79100BFB192 /* LaunchScreen.storyboard in Resources */ = {isa = PBXBuildFile; fileRef = 6E54E39C1E12C79100BFB192 /* LaunchScreen.storyboard */; };
		6E54E3A91E12C79200BFB192 /* switchConfettiTests.m in Sources */ = {isa = PBXBuildFile; fileRef = 6E54E3A81E12C79200BFB192 /* switchConfettiTests.m */; };
/* End PBXBuildFile section */

/* Begin PBXContainerItemProxy section */
		6E54E3A51E12C79200BFB192 /* PBXContainerItemProxy */ = {
			isa = PBXContainerItemProxy;
			containerPortal = 6E54E3831E12C79100BFB192 /* Project object */;
			proxyType = 1;
			remoteGlobalIDString = 6E54E38A1E12C79100BFB192;
			remoteInfo = switchConfetti;
		};
/* End PBXContainerItemProxy section */

/* Begin PBXFileReference section */
		6E54E38B1E12C79100BFB192 /* switchConfetti.app */ = {isa = PBXFileReference; explicitFileType = wrapper.application; includeInIndex = 0; path = switchConfetti.app; sourceTree = BUILT_PRODUCTS_DIR; };
		6E54E38F1E12C79100BFB192 /* main.m */ = {isa = PBXFileReference; lastKnownFileType = sourcecode.c.objc; path = main.m; sourceTree = "<group>"; };
		6E54E3911E12C79100BFB192 /* AppDelegate.h */ = {isa = PBXFileReference; lastKnownFileType = sourcecode.c.h; path = AppDelegate.h; sourceTree = "<group>"; };
		6E54E3921E12C79100BFB192 /* AppDelegate.m */ = {isa = PBXFileReference; lastKnownFileType = sourcecode.c.objc; path = AppDelegate.m; sourceTree = "<group>"; };
		6E54E3941E12C79100BFB192 /* ViewController.h */ = {isa = PBXFileReference; lastKnownFileType = sourcecode.c.h; path = ViewController.h; sourceTree = "<group>"; };
		6E54E3951E12C79100BFB192 /* ViewController.m */ = {isa = PBXFileReference; lastKnownFileType = sourcecode.c.objc; path = ViewController.m; sourceTree = "<group>"; };
		6E54E3981E12C79100BFB192 /* Base */ = {isa = PBXFileReference; lastKnownFileType = file.storyboard; name = Base; path = Base.lproj/Main.storyboard; sourceTree = "<group>"; };
		6E54E39A1E12C79100BFB192 /* Assets.xcassets */ = {isa = PBXFileReference; lastKnownFileType = folder.assetcatalog; path = Assets.xcassets; sourceTree = "<group>"; };
		6E54E39D1E12C79100BFB192 /* Base */ = {isa = PBXFileReference; lastKnownFileType = file.storyboard; name = Base; path = Base.lproj/LaunchScreen.storyboard; sourceTree = "<group>"; };
		6E54E39F1E12C79100BFB192 /* Info.plist */ = {isa = PBXFileReference; lastKnownFileType = text.plist.xml; path = Info.plist; sourceTree = "<group>"; };
		6E54E3A41E12C79200BFB192 /* switchConfettiTests.xctest */ = {isa = PBXFileReference; explicitFileType = wrapper.cfbundle; includeInIndex = 0; path = switchConfettiTests.xctest; sourceTree = BUILT_PRODUCTS_DIR; };
		6E54E3A81E12C79200BFB192 /* switchConfettiTests.m */ = {isa = PBXFileReference; lastKnownFileType = sourcecode.c.objc; path = switchConfettiTests.m; sourceTree = "<group>"; };
		6E54E3AA1E12C79200BFB192 /* Info.plist */ = {isa = PBXFileReference; lastKnownFileType = text.plist.xml; path = Info.plist; sourceTree = "<group>"; };
/* End PBXFileReference section */

/* Begin PBXFrameworksBuildPhase section */
		6E54E3881E12C79100BFB192 /* Frameworks */ = {
			isa = PBXFrameworksBuildPhase;
			buildActionMask = 2147483647;
			files = (
			);
			runOnlyForDeploymentPostprocessing = 0;
		};
		6E54E3A11E12C79200BFB192 /* Frameworks */ = {
			isa = PBXFrameworksBuildPhase;
			buildActionMask = 2147483647;
			files = (
			);
			runOnlyForDeploymentPostprocessing = 0;
		};
/* End PBXFrameworksBuildPhase section */

/* Begin PBXGroup section */
		6E54E3821E12C79100BFB192 = {
			isa = PBXGroup;
			children = (
				6E54E38D1E12C79100BFB192 /* switchConfetti */,
				6E54E3A71E12C79200BFB192 /* switchConfettiTests */,
				6E54E38C1E12C79100BFB192 /* Products */,
			);
			sourceTree = "<group>";
		};
		6E54E38C1E12C79100BFB192 /* Products */ = {
			isa = PBXGroup;
			children = (
				6E54E38B1E12C79100BFB192 /* switchConfetti.app */,
				6E54E3A41E12C79200BFB192 /* switchConfettiTests.xctest */,
			);
			name = Products;
			sourceTree = "<group>";
		};
		6E54E38D1E12C79100BFB192 /* switchConfetti */ = {
			isa = PBXGroup;
			children = (
				6E54E3911E12C79100BFB192 /* AppDelegate.h */,
				6E54E3921E12C79100BFB192 /* AppDelegate.m */,
				6E54E3941E12C79100BFB192 /* ViewController.h */,
				6E54E3951E12C79100BFB192 /* ViewController.m */,
				6E54E3971E12C79100BFB192 /* Main.storyboard */,
				6E54E39A1E12C79100BFB192 /* Assets.xcassets */,
				6E54E39C1E12C79100BFB192 /* LaunchScreen.storyboard */,
				6E54E39F1E12C79100BFB192 /* Info.plist */,
				6E54E38E1E12C79100BFB192 /* Supporting Files */,
			);
			path = switchConfetti;
			sourceTree = "<group>";
		};
		6E54E38E1E12C79100BFB192 /* Supporting Files */ = {
			isa = PBXGroup;
			children = (
				6E54E38F1E12C79100BFB192 /* main.m */,
			);
			name = "Supporting Files";
			sourceTree = "<group>";
		};
		6E54E3A71E12C79200BFB192 /* switchConfettiTests */ = {
			isa = PBXGroup;
			children = (
				6E54E3A81E12C79200BFB192 /* switchConfettiTests.m */,
				6E54E3AA1E12C79200BFB192 /* Info.plist */,
			);
			path = switchConfettiTests;
			sourceTree = "<group>";
		};
/* End PBXGroup section */

/* Begin PBXNativeTarget section */
		6E54E38A1E12C79100BFB192 /* switchConfetti */ = {
			isa = PBXNativeTarget;
			buildConfigurationList = 6E54E3AD1E12C79200BFB192 /* Build configuration list for PBXNativeTarget "switchConfetti" */;
			buildPhases = (
				6E54E3871E12C79100BFB192 /* Sources */,
				6E54E3881E12C79100BFB192 /* Frameworks */,
				6E54E3891E12C79100BFB192 /* Resources */,
			);
			buildRules = (
			);
			dependencies = (
			);
			name = switchConfetti;
			productName = switchConfetti;
			productReference = 6E54E38B1E12C79100BFB192 /* switchConfetti.app */;
			productType = "com.apple.product-type.application";
		};
		6E54E3A31E12C79200BFB192 /* switchConfettiTests */ = {
			isa = PBXNativeTarget;
			buildConfigurationList = 6E54E3B01E12C79200BFB192 /* Build configuration list for PBXNativeTarget "switchConfettiTests" */;
			buildPhases = (
				6E54E3A01E12C79200BFB192 /* Sources */,
				6E54E3A11E12C79200BFB192 /* Frameworks */,
				6E54E3A21E12C79200BFB192 /* Resources */,
			);
			buildRules = (
			);
			dependencies = (
				6E54E3A61E12C79200BFB192 /* PBXTargetDependency */,
			);
			name = switchConfettiTests;
			productName = switchConfettiTests;
			productReference = 6E54E3A41E12C79200BFB192 /* switchConfettiTests.xctest */;
			productType = "com.apple.product-type.bundle.unit-test";
		};
/* End PBXNativeTarget section */

/* Begin PBXProject section */
		6E54E3831E12C79100BFB192 /* Project object */ = {
			isa = PBXProject;
			attributes = {
				LastUpgradeCheck = 0820;
				ORGANIZATIONNAME = valentinkovalski;
				TargetAttributes = {
					6E54E38A1E12C79100BFB192 = {
						CreatedOnToolsVersion = 8.2.1;
						DevelopmentTeam = N7T8T6Y2AL;
						ProvisioningStyle = Automatic;
					};
					6E54E3A31E12C79200BFB192 = {
						CreatedOnToolsVersion = 8.2.1;
						DevelopmentTeam = N7T8T6Y2AL;
						ProvisioningStyle = Automatic;
						TestTargetID = 6E54E38A1E12C79100BFB192;
					};
				};
			};
			buildConfigurationList = 6E54E3861E12C79100BFB192 /* Build configuration list for PBXProject "switchConfetti" */;
			compatibilityVersion = "Xcode 3.2";
			developmentRegion = English;
			hasScannedForEncodings = 0;
			knownRegions = (
				en,
				Base,
			);
			mainGroup = 6E54E3821E12C79100BFB192;
			productRefGroup = 6E54E38C1E12C79100BFB192 /* Products */;
			projectDirPath = "";
			projectRoot = "";
			targets = (
				6E54E38A1E12C79100BFB192 /* switchConfetti */,
				6E54E3A31E12C79200BFB192 /* switchConfettiTests */,
			);
		};
/* End PBXProject section */

/* Begin PBXResourcesBuildPhase section */
		6E54E3891E12C79100BFB192 /* Resources */ = {
			isa = PBXResourcesBuildPhase;
			buildActionMask = 2147483647;
			files = (
				6E54E39E1E12C79100BFB192 /* LaunchScreen.storyboard in Resources */,
				6E54E39B1E12C79100BFB192 /* Assets.xcassets in Resources */,
				6E54E3991E12C79100BFB192 /* Main.storyboard in Resources */,
			);
			runOnlyForDeploymentPostprocessing = 0;
		};
		6E54E3A21E12C79200BFB192 /* Resources */ = {
			isa = PBXResourcesBuildPhase;
			buildActionMask = 2147483647;
			files = (
			);
			runOnlyForDeploymentPostprocessing = 0;
		};
/* End PBXResourcesBuildPhase section */

/* Begin PBXSourcesBuildPhase section */
		6E54E3871E12C79100BFB192 /* Sources */ = {
			isa = PBXSourcesBuildPhase;
			buildActionMask = 2147483647;
			files = (
				6E54E3961E12C79100BFB192 /* ViewController.m in Sources */,
				6E54E3931E12C79100BFB192 /* AppDelegate.m in Sources */,
				6E54E3901E12C79100BFB192 /* main.m in Sources */,
			);
			runOnlyForDeploymentPostprocessing = 0;
		};
		6E54E3A01E12C79200BFB192 /* Sources */ = {
			isa = PBXSourcesBuildPhase;
			buildActionMask = 2147483647;
			files = (
				6E54E3A91E12C79200BFB192 /* switchConfettiTests.m in Sources */,
			);
			runOnlyForDeploymentPostprocessing = 0;
		};
/* End PBXSourcesBuildPhase section */

/* Begin PBXTargetDependency section */
		6E54E3A61E12C79200BFB192 /* PBXTargetDependency */ = {
			isa = PBXTargetDependency;
			target = 6E54E38A1E12C79100BFB192 /* switchConfetti */;
			targetProxy = 6E54E3A51E12C79200BFB192 /* PBXContainerItemProxy */;
		};
/* End PBXTargetDependency section */

/* Begin PBXVariantGroup section */
		6E54E3971E12C79100BFB192 /* Main.storyboard */ = {
			isa = PBXVariantGroup;
			children = (
				6E54E3981E12C79100BFB192 /* Base */,
			);
			name = Main.storyboard;
			sourceTree = "<group>";
		};
		6E54E39C1E12C79100BFB192 /* LaunchScreen.storyboard */ = {
			isa = PBXVariantGroup;
			children = (
				6E54E39D1E12C79100BFB192 /* Base */,
			);
			name = LaunchScreen.storyboard;
			sourceTree = "<group>";
		};
/* End PBXVariantGroup section */

/* Begin XCBuildConfiguration section */
		6E54E3AB1E12C79200BFB192 /* Debug */ = {
			isa = XCBuildConfiguration;
			buildSettings = {
				ALWAYS_SEARCH_USER_PATHS = NO;
				CLANG_ANALYZER_NONNULL = YES;
				CLANG_CXX_LANGUAGE_STANDARD = "gnu++0x";
				CLANG_CXX_LIBRARY = "libc++";
				CLANG_ENABLE_MODULES = YES;
				CLANG_ENABLE_OBJC_ARC = YES;
				CLANG_WARN_BOOL_CONVERSION = YES;
				CLANG_WARN_CONSTANT_CONVERSION = YES;
				CLANG_WARN_DIRECT_OBJC_ISA_USAGE = YES_ERROR;
				CLANG_WARN_DOCUMENTATION_COMMENTS = YES;
				CLANG_WARN_EMPTY_BODY = YES;
				CLANG_WARN_ENUM_CONVERSION = YES;
				CLANG_WARN_INFINITE_RECURSION = YES;
				CLANG_WARN_INT_CONVERSION = YES;
				CLANG_WARN_OBJC_ROOT_CLASS = YES_ERROR;
				CLANG_WARN_SUSPICIOUS_MOVE = YES;
				CLANG_WARN_UNREACHABLE_CODE = YES;
				CLANG_WARN__DUPLICATE_METHOD_MATCH = YES;
				"CODE_SIGN_IDENTITY[sdk=iphoneos*]" = "iPhone Developer";
				COPY_PHASE_STRIP = NO;
				DEBUG_INFORMATION_FORMAT = dwarf;
				ENABLE_STRICT_OBJC_MSGSEND = YES;
				ENABLE_TESTABILITY = YES;
				GCC_C_LANGUAGE_STANDARD = gnu99;
				GCC_DYNAMIC_NO_PIC = NO;
				GCC_NO_COMMON_BLOCKS = YES;
				GCC_OPTIMIZATION_LEVEL = 0;
				GCC_PREPROCESSOR_DEFINITIONS = (
					"DEBUG=1",
					"$(inherited)",
				);
				GCC_WARN_64_TO_32_BIT_CONVERSION = YES;
				GCC_WARN_ABOUT_RETURN_TYPE = YES_ERROR;
				GCC_WARN_UNDECLARED_SELECTOR = YES;
				GCC_WARN_UNINITIALIZED_AUTOS = YES_AGGRESSIVE;
				GCC_WARN_UNUSED_FUNCTION = YES;
				GCC_WARN_UNUSED_VARIABLE = YES;
				IPHONEOS_DEPLOYMENT_TARGET = 10.2;
				MTL_ENABLE_DEBUG_INFO = YES;
				ONLY_ACTIVE_ARCH = YES;
				SDKROOT = iphoneos;
				TARGETED_DEVICE_FAMILY = "1,2";
			};
			name = Debug;
		};
		6E54E3AC1E12C79200BFB192 /* Release */ = {
			isa = XCBuildConfiguration;
			buildSettings = {
				ALWAYS_SEARCH_USER_PATHS = NO;
				CLANG_ANALYZER_NONNULL = YES;
				CLANG_CXX_LANGUAGE_STANDARD = "gnu++0x";
				CLANG_CXX_LIBRARY = "libc++";
				CLANG_ENABLE_MODULES = YES;
				CLANG_ENABLE_OBJC_ARC = YES;
				CLANG_WARN_BOOL_CONVERSION = YES;
				CLANG_WARN_CONSTANT_CONVERSION = YES;
				CLANG_WARN_DIRECT_OBJC_ISA_USAGE = YES_ERROR;
				CLANG_WARN_DOCUMENTATION_COMMENTS = YES;
				CLANG_WARN_EMPTY_BODY = YES;
				CLANG_WARN_ENUM_CONVERSION = YES;
				CLANG_WARN_INFINITE_RECURSION = YES;
				CLANG_WARN_INT_CONVERSION = YES;
				CLANG_WARN_OBJC_ROOT_CLASS = YES_ERROR;
				CLANG_WARN_SUSPICIOUS_MOVE = YES;
				CLANG_WARN_UNREACHABLE_CODE = YES;
				CLANG_WARN__DUPLICATE_METHOD_MATCH = YES;
				"CODE_SIGN_IDENTITY[sdk=iphoneos*]" = "iPhone Developer";
				COPY_PHASE_STRIP = NO;
				DEBUG_INFORMATION_FORMAT = "dwarf-with-dsym";
				ENABLE_NS_ASSERTIONS = NO;
				ENABLE_STRICT_OBJC_MSGSEND = YES;
				GCC_C_LANGUAGE_STANDARD = gnu99;
				GCC_NO_COMMON_BLOCKS = YES;
				GCC_WARN_64_TO_32_BIT_CONVERSION = YES;
				GCC_WARN_ABOUT_RETURN_TYPE = YES_ERROR;
				GCC_WARN_UNDECLARED_SELECTOR = YES;
				GCC_WARN_UNINITIALIZED_AUTOS = YES_AGGRESSIVE;
				GCC_WARN_UNUSED_FUNCTION = YES;
				GCC_WARN_UNUSED_VARIABLE = YES;
				IPHONEOS_DEPLOYMENT_TARGET = 10.2;
				MTL_ENABLE_DEBUG_INFO = NO;
				SDKROOT = iphoneos;
				TARGETED_DEVICE_FAMILY = "1,2";
				VALIDATE_PRODUCT = YES;
			};
			name = Release;
		};
		6E54E3AE1E12C79200BFB192 /* Debug */ = {
			isa = XCBuildConfiguration;
			buildSettings = {
				ASSETCATALOG_COMPILER_APPICON_NAME = AppIcon;
				DEVELOPMENT_TEAM = N7T8T6Y2AL;
				INFOPLIST_FILE = switchConfetti/Info.plist;
				LD_RUNPATH_SEARCH_PATHS = "$(inherited) @executable_path/Frameworks";
				PRODUCT_BUNDLE_IDENTIFIER = vk.switchConfetti;
				PRODUCT_NAME = "$(TARGET_NAME)";
			};
			name = Debug;
		};
		6E54E3AF1E12C79200BFB192 /* Release */ = {
			isa = XCBuildConfiguration;
			buildSettings = {
				ASSETCATALOG_COMPILER_APPICON_NAME = AppIcon;
				DEVELOPMENT_TEAM = N7T8T6Y2AL;
				INFOPLIST_FILE = switchConfetti/Info.plist;
				LD_RUNPATH_SEARCH_PATHS = "$(inherited) @executable_path/Frameworks";
				PRODUCT_BUNDLE_IDENTIFIER = vk.switchConfetti;
				PRODUCT_NAME = "$(TARGET_NAME)";
			};
			name = Release;
		};
		6E54E3B11E12C79200BFB192 /* Debug */ = {
			isa = XCBuildConfiguration;
			buildSettings = {
				BUNDLE_LOADER = "$(TEST_HOST)";
				DEVELOPMENT_TEAM = N7T8T6Y2AL;
				INFOPLIST_FILE = switchConfettiTests/Info.plist;
				LD_RUNPATH_SEARCH_PATHS = "$(inherited) @executable_path/Frameworks @loader_path/Frameworks";
				PRODUCT_BUNDLE_IDENTIFIER = vk.switchConfettiTests;
				PRODUCT_NAME = "$(TARGET_NAME)";
				TEST_HOST = "$(BUILT_PRODUCTS_DIR)/switchConfetti.app/switchConfetti";
			};
			name = Debug;
		};
		6E54E3B21E12C79200BFB192 /* Release */ = {
			isa = XCBuildConfiguration;
			buildSettings = {
				BUNDLE_LOADER = "$(TEST_HOST)";
				DEVELOPMENT_TEAM = N7T8T6Y2AL;
				INFOPLIST_FILE = switchConfettiTests/Info.plist;
				LD_RUNPATH_SEARCH_PATHS = "$(inherited) @executable_path/Frameworks @loader_path/Frameworks";
				PRODUCT_BUNDLE_IDENTIFIER = vk.switchConfettiTests;
				PRODUCT_NAME = "$(TARGET_NAME)";
				TEST_HOST = "$(BUILT_PRODUCTS_DIR)/switchConfetti.app/switchConfetti";
			};
			name = Release;
		};
/* End XCBuildConfiguration section */

/* Begin XCConfigurationList section */
		6E54E3861E12C79100BFB192 /* Build configuration list for PBXProject "switchConfetti" */ = {
			isa = XCConfigurationList;
			buildConfigurations = (
				6E54E3AB1E12C79200BFB192 /* Debug */,
				6E54E3AC1E12C79200BFB192 /* Release */,
			);
			defaultConfigurationIsVisible = 0;
			defaultConfigurationName = Release;
		};
		6E54E3AD1E12C79200BFB192 /* Build configuration list for PBXNativeTarget "switchConfetti" */ = {
			isa = XCConfigurationList;
			buildConfigurations = (
				6E54E3AE1E12C79200BFB192 /* Debug */,
				6E54E3AF1E12C79200BFB192 /* Release */,
			);
			defaultConfigurationIsVisible = 0;
		};
		6E54E3B01E12C79200BFB192 /* Build configuration list for PBXNativeTarget "switchConfettiTests" */ = {
			isa = XCConfigurationList;
			buildConfigurations = (
				6E54E3B11E12C79200BFB192 /* Debug */,
				6E54E3B21E12C79200BFB192 /* Release */,
			);
			defaultConfigurationIsVisible = 0;
		};
/* End XCConfigurationList section */
	};
	rootObject = 6E54E3831E12C79100BFB192 /* Project object */;
}
